// !$*UTF8*$!
{
	archiveVersion = 1;
	classes = {
	};
	objectVersion = 56;
	objects = {

/* Begin PBXBuildFile section */
		3ABB39352CDF138400806D40 /* HealthDashboardView.swift in Sources */ = {isa = PBXBuildFile; fileRef = 3ABB39342CDF138400806D40 /* HealthDashboardView.swift */; };
		3ABB39382CDF19B700806D40 /* SelectADoctor.swift in Sources */ = {isa = PBXBuildFile; fileRef = 3ABB39372CDF19B700806D40 /* SelectADoctor.swift */; };
		3ABB393B2CDF24E700806D40 /* FirebaseAuth in Frameworks */ = {isa = PBXBuildFile; productRef = 3ABB393A2CDF24E700806D40 /* FirebaseAuth */; };
		3ABB393D2CDF24E700806D40 /* FirebaseFirestoreCombine-Community in Frameworks */ = {isa = PBXBuildFile; productRef = 3ABB393C2CDF24E700806D40 /* FirebaseFirestoreCombine-Community */; };
		3ABB393F2CDF256F00806D40 /* GoogleService-Info.plist in Resources */ = {isa = PBXBuildFile; fileRef = 3ABB393E2CDF256F00806D40 /* GoogleService-Info.plist */; };
		3ABB39412CDF48D900806D40 /* AppDelegate.swift in Sources */ = {isa = PBXBuildFile; fileRef = 3ABB39402CDF48D900806D40 /* AppDelegate.swift */; };
		3ABB39432CDF5FE800806D40 /* AddAppointment.swift in Sources */ = {isa = PBXBuildFile; fileRef = 3ABB39422CDF5FE800806D40 /* AddAppointment.swift */; };
		3ABB39462CDF62C300806D40 /* SelectDateView.swift in Sources */ = {isa = PBXBuildFile; fileRef = 3ABB39452CDF62C300806D40 /* SelectDateView.swift */; };
		3ABB39482CDF637E00806D40 /* AppointmentConfirmationView.swift in Sources */ = {isa = PBXBuildFile; fileRef = 3ABB39472CDF637E00806D40 /* AppointmentConfirmationView.swift */; };
		3ABE15442CDDD2BA0017417F /* E_care_mobile_appApp.swift in Sources */ = {isa = PBXBuildFile; fileRef = 3ABE15432CDDD2BA0017417F /* E_care_mobile_appApp.swift */; };
		3ABE15462CDDD2BA0017417F /* ContentView.swift in Sources */ = {isa = PBXBuildFile; fileRef = 3ABE15452CDDD2BA0017417F /* ContentView.swift */; };
		3ABE15482CDDD2BB0017417F /* Assets.xcassets in Resources */ = {isa = PBXBuildFile; fileRef = 3ABE15472CDDD2BB0017417F /* Assets.xcassets */; };
		3ABE154B2CDDD2BB0017417F /* Preview Assets.xcassets in Resources */ = {isa = PBXBuildFile; fileRef = 3ABE154A2CDDD2BB0017417F /* Preview Assets.xcassets */; };
		3ABE15552CDDD2BB0017417F /* E_care_mobile_appTests.swift in Sources */ = {isa = PBXBuildFile; fileRef = 3ABE15542CDDD2BB0017417F /* E_care_mobile_appTests.swift */; };
		3ABE155F2CDDD2BB0017417F /* E_care_mobile_appUITests.swift in Sources */ = {isa = PBXBuildFile; fileRef = 3ABE155E2CDDD2BB0017417F /* E_care_mobile_appUITests.swift */; };
		3ABE15612CDDD2BB0017417F /* E_care_mobile_appUITestsLaunchTests.swift in Sources */ = {isa = PBXBuildFile; fileRef = 3ABE15602CDDD2BB0017417F /* E_care_mobile_appUITestsLaunchTests.swift */; };
		3ABE15752CDDF1D40017417F /* HomeView.swift in Sources */ = {isa = PBXBuildFile; fileRef = 3ABE15742CDDF1D40017417F /* HomeView.swift */; };
		3ABE15822CDE0C600017417F /* WelcomeView.swift in Sources */ = {isa = PBXBuildFile; fileRef = 3ABE15812CDE0C600017417F /* WelcomeView.swift */; };
		3ABE15842CDE0DF40017417F /* DashboardView.swift in Sources */ = {isa = PBXBuildFile; fileRef = 3ABE15832CDE0DF40017417F /* DashboardView.swift */; };
		3ABE15872CDE0EAA0017417F /* DateButton.swift in Sources */ = {isa = PBXBuildFile; fileRef = 3ABE15862CDE0EAA0017417F /* DateButton.swift */; };
		3ABE15892CDE0EFA0017417F /* AppointmentCard.swift in Sources */ = {isa = PBXBuildFile; fileRef = 3ABE15882CDE0EFA0017417F /* AppointmentCard.swift */; };
		3ABE158B2CDE133E0017417F /* MainView.swift in Sources */ = {isa = PBXBuildFile; fileRef = 3ABE158A2CDE133E0017417F /* MainView.swift */; };
		3ABE158F2CDE13950017417F /* AddAppointmentView.swift in Sources */ = {isa = PBXBuildFile; fileRef = 3ABE158E2CDE13950017417F /* AddAppointmentView.swift */; };
		3ABE15912CDE13B40017417F /* NotificationsView.swift in Sources */ = {isa = PBXBuildFile; fileRef = 3ABE15902CDE13B40017417F /* NotificationsView.swift */; };
		3ABE15952CDE13DC0017417F /* ProfileView.swift in Sources */ = {isa = PBXBuildFile; fileRef = 3ABE15942CDE13DC0017417F /* ProfileView.swift */; };
		3ABE159A2CDE18520017417F /* SignUpView.swift in Sources */ = {isa = PBXBuildFile; fileRef = 3ABE15992CDE18520017417F /* SignUpView.swift */; };
		3ABE159C2CDE18CF0017417F /* LoginView.swift in Sources */ = {isa = PBXBuildFile; fileRef = 3ABE159B2CDE18CF0017417F /* LoginView.swift */; };
		3ABE159E2CDE19250017417F /* PasswordRest.swift in Sources */ = {isa = PBXBuildFile; fileRef = 3ABE159D2CDE19250017417F /* PasswordRest.swift */; };
		3ABE15A12CDE19950017417F /* ActivityCard.swift in Sources */ = {isa = PBXBuildFile; fileRef = 3ABE15A02CDE19950017417F /* ActivityCard.swift */; };
/* End PBXBuildFile section */

/* Begin PBXContainerItemProxy section */
		3ABE15512CDDD2BB0017417F /* PBXContainerItemProxy */ = {
			isa = PBXContainerItemProxy;
			containerPortal = 3ABE15382CDDD2BA0017417F /* Project object */;
			proxyType = 1;
			remoteGlobalIDString = 3ABE153F2CDDD2BA0017417F;
			remoteInfo = "E-care mobile app";
		};
		3ABE155B2CDDD2BB0017417F /* PBXContainerItemProxy */ = {
			isa = PBXContainerItemProxy;
			containerPortal = 3ABE15382CDDD2BA0017417F /* Project object */;
			proxyType = 1;
			remoteGlobalIDString = 3ABE153F2CDDD2BA0017417F;
			remoteInfo = "E-care mobile app";
		};
/* End PBXContainerItemProxy section */

/* Begin PBXFileReference section */
		3ABB39342CDF138400806D40 /* HealthDashboardView.swift */ = {isa = PBXFileReference; lastKnownFileType = sourcecode.swift; path = HealthDashboardView.swift; sourceTree = "<group>"; };
		3ABB39372CDF19B700806D40 /* SelectADoctor.swift */ = {isa = PBXFileReference; lastKnownFileType = sourcecode.swift; path = SelectADoctor.swift; sourceTree = "<group>"; };
		3ABB393E2CDF256F00806D40 /* GoogleService-Info.plist */ = {isa = PBXFileReference; fileEncoding = 4; lastKnownFileType = text.plist.xml; path = "GoogleService-Info.plist"; sourceTree = "<group>"; };
		3ABB39402CDF48D900806D40 /* AppDelegate.swift */ = {isa = PBXFileReference; lastKnownFileType = sourcecode.swift; path = AppDelegate.swift; sourceTree = "<group>"; };
		3ABB39422CDF5FE800806D40 /* AddAppointment.swift */ = {isa = PBXFileReference; lastKnownFileType = sourcecode.swift; path = AddAppointment.swift; sourceTree = "<group>"; };
		3ABB39452CDF62C300806D40 /* SelectDateView.swift */ = {isa = PBXFileReference; lastKnownFileType = sourcecode.swift; path = SelectDateView.swift; sourceTree = "<group>"; };
		3ABB39472CDF637E00806D40 /* AppointmentConfirmationView.swift */ = {isa = PBXFileReference; lastKnownFileType = sourcecode.swift; path = AppointmentConfirmationView.swift; sourceTree = "<group>"; };
		3ABE15402CDDD2BA0017417F /* E-care mobile app.app */ = {isa = PBXFileReference; explicitFileType = wrapper.application; includeInIndex = 0; path = "E-care mobile app.app"; sourceTree = BUILT_PRODUCTS_DIR; };
		3ABE15432CDDD2BA0017417F /* E_care_mobile_appApp.swift */ = {isa = PBXFileReference; lastKnownFileType = sourcecode.swift; path = E_care_mobile_appApp.swift; sourceTree = "<group>"; };
		3ABE15452CDDD2BA0017417F /* ContentView.swift */ = {isa = PBXFileReference; lastKnownFileType = sourcecode.swift; path = ContentView.swift; sourceTree = "<group>"; };
		3ABE15472CDDD2BB0017417F /* Assets.xcassets */ = {isa = PBXFileReference; lastKnownFileType = folder.assetcatalog; path = Assets.xcassets; sourceTree = "<group>"; };
		3ABE154A2CDDD2BB0017417F /* Preview Assets.xcassets */ = {isa = PBXFileReference; lastKnownFileType = folder.assetcatalog; path = "Preview Assets.xcassets"; sourceTree = "<group>"; };
		3ABE15502CDDD2BB0017417F /* E-care mobile appTests.xctest */ = {isa = PBXFileReference; explicitFileType = wrapper.cfbundle; includeInIndex = 0; path = "E-care mobile appTests.xctest"; sourceTree = BUILT_PRODUCTS_DIR; };
		3ABE15542CDDD2BB0017417F /* E_care_mobile_appTests.swift */ = {isa = PBXFileReference; lastKnownFileType = sourcecode.swift; path = E_care_mobile_appTests.swift; sourceTree = "<group>"; };
		3ABE155A2CDDD2BB0017417F /* E-care mobile appUITests.xctest */ = {isa = PBXFileReference; explicitFileType = wrapper.cfbundle; includeInIndex = 0; path = "E-care mobile appUITests.xctest"; sourceTree = BUILT_PRODUCTS_DIR; };
		3ABE155E2CDDD2BB0017417F /* E_care_mobile_appUITests.swift */ = {isa = PBXFileReference; lastKnownFileType = sourcecode.swift; path = E_care_mobile_appUITests.swift; sourceTree = "<group>"; };
		3ABE15602CDDD2BB0017417F /* E_care_mobile_appUITestsLaunchTests.swift */ = {isa = PBXFileReference; lastKnownFileType = sourcecode.swift; path = E_care_mobile_appUITestsLaunchTests.swift; sourceTree = "<group>"; };
		3ABE15742CDDF1D40017417F /* HomeView.swift */ = {isa = PBXFileReference; lastKnownFileType = sourcecode.swift; path = HomeView.swift; sourceTree = "<group>"; };
		3ABE157E2CDE058F0017417F /* E-care mobile appRelease.entitlements */ = {isa = PBXFileReference; lastKnownFileType = text.plist.entitlements; path = "E-care mobile appRelease.entitlements"; sourceTree = "<group>"; };
		3ABE15812CDE0C600017417F /* WelcomeView.swift */ = {isa = PBXFileReference; lastKnownFileType = sourcecode.swift; path = WelcomeView.swift; sourceTree = "<group>"; };
		3ABE15832CDE0DF40017417F /* DashboardView.swift */ = {isa = PBXFileReference; lastKnownFileType = sourcecode.swift; path = DashboardView.swift; sourceTree = "<group>"; };
		3ABE15862CDE0EAA0017417F /* DateButton.swift */ = {isa = PBXFileReference; lastKnownFileType = sourcecode.swift; path = DateButton.swift; sourceTree = "<group>"; };
		3ABE15882CDE0EFA0017417F /* AppointmentCard.swift */ = {isa = PBXFileReference; lastKnownFileType = sourcecode.swift; path = AppointmentCard.swift; sourceTree = "<group>"; };
		3ABE158A2CDE133E0017417F /* MainView.swift */ = {isa = PBXFileReference; lastKnownFileType = sourcecode.swift; path = MainView.swift; sourceTree = "<group>"; };
		3ABE158E2CDE13950017417F /* AddAppointmentView.swift */ = {isa = PBXFileReference; lastKnownFileType = sourcecode.swift; path = AddAppointmentView.swift; sourceTree = "<group>"; };
		3ABE15902CDE13B40017417F /* NotificationsView.swift */ = {isa = PBXFileReference; lastKnownFileType = sourcecode.swift; path = NotificationsView.swift; sourceTree = "<group>"; };
		3ABE15942CDE13DC0017417F /* ProfileView.swift */ = {isa = PBXFileReference; lastKnownFileType = sourcecode.swift; path = ProfileView.swift; sourceTree = "<group>"; };
		3ABE15992CDE18520017417F /* SignUpView.swift */ = {isa = PBXFileReference; lastKnownFileType = sourcecode.swift; path = SignUpView.swift; sourceTree = "<group>"; };
		3ABE159B2CDE18CF0017417F /* LoginView.swift */ = {isa = PBXFileReference; lastKnownFileType = sourcecode.swift; path = LoginView.swift; sourceTree = "<group>"; };
		3ABE159D2CDE19250017417F /* PasswordRest.swift */ = {isa = PBXFileReference; lastKnownFileType = sourcecode.swift; path = PasswordRest.swift; sourceTree = "<group>"; };
		3ABE15A02CDE19950017417F /* ActivityCard.swift */ = {isa = PBXFileReference; lastKnownFileType = sourcecode.swift; path = ActivityCard.swift; sourceTree = "<group>"; };
/* End PBXFileReference section */

/* Begin PBXFrameworksBuildPhase section */
		3ABE153D2CDDD2BA0017417F /* Frameworks */ = {
			isa = PBXFrameworksBuildPhase;
			buildActionMask = 2147483647;
			files = (
				3ABB393B2CDF24E700806D40 /* FirebaseAuth in Frameworks */,
				3ABB393D2CDF24E700806D40 /* FirebaseFirestoreCombine-Community in Frameworks */,
			);
			runOnlyForDeploymentPostprocessing = 0;
		};
		3ABE154D2CDDD2BB0017417F /* Frameworks */ = {
			isa = PBXFrameworksBuildPhase;
			buildActionMask = 2147483647;
			files = (
			);
			runOnlyForDeploymentPostprocessing = 0;
		};
		3ABE15572CDDD2BB0017417F /* Frameworks */ = {
			isa = PBXFrameworksBuildPhase;
			buildActionMask = 2147483647;
			files = (
			);
			runOnlyForDeploymentPostprocessing = 0;
		};
/* End PBXFrameworksBuildPhase section */

/* Begin PBXGroup section */
		3ABB39362CDF197E00806D40 /* Appointment management */ = {
			isa = PBXGroup;
			children = (
				3ABB39422CDF5FE800806D40 /* AddAppointment.swift */,
				3ABB39372CDF19B700806D40 /* SelectADoctor.swift */,
				3ABB39452CDF62C300806D40 /* SelectDateView.swift */,
				3ABB39472CDF637E00806D40 /* AppointmentConfirmationView.swift */,
			);
			path = "Appointment management";
			sourceTree = "<group>";
		};
		3ABE15372CDDD2BA0017417F = {
			isa = PBXGroup;
			children = (
				3ABE15422CDDD2BA0017417F /* E-care mobile app */,
				3ABE15532CDDD2BB0017417F /* E-care mobile appTests */,
				3ABE155D2CDDD2BB0017417F /* E-care mobile appUITests */,
				3ABE15412CDDD2BA0017417F /* Products */,
			);
			sourceTree = "<group>";
		};
		3ABE15412CDDD2BA0017417F /* Products */ = {
			isa = PBXGroup;
			children = (
				3ABE15402CDDD2BA0017417F /* E-care mobile app.app */,
				3ABE15502CDDD2BB0017417F /* E-care mobile appTests.xctest */,
				3ABE155A2CDDD2BB0017417F /* E-care mobile appUITests.xctest */,
			);
			name = Products;
			sourceTree = "<group>";
		};
		3ABE15422CDDD2BA0017417F /* E-care mobile app */ = {
			isa = PBXGroup;
			children = (
				3ABB393E2CDF256F00806D40 /* GoogleService-Info.plist */,
				3ABE157E2CDE058F0017417F /* E-care mobile appRelease.entitlements */,
				3ABE15432CDDD2BA0017417F /* E_care_mobile_appApp.swift */,
				3ABE15452CDDD2BA0017417F /* ContentView.swift */,
				3ABB39402CDF48D900806D40 /* AppDelegate.swift */,
				3ABE15472CDDD2BB0017417F /* Assets.xcassets */,
				3ABE15492CDDD2BB0017417F /* Preview Content */,
				3ABE15742CDDF1D40017417F /* HomeView.swift */,
				3ABE15812CDE0C600017417F /* WelcomeView.swift */,
				3ABE158A2CDE133E0017417F /* MainView.swift */,
				3ABE158E2CDE13950017417F /* AddAppointmentView.swift */,
				3ABE15902CDE13B40017417F /* NotificationsView.swift */,
				3ABE15942CDE13DC0017417F /* ProfileView.swift */,
				3ABB39342CDF138400806D40 /* HealthDashboardView.swift */,
			);
			path = "E-care mobile app";
			sourceTree = "<group>";
		};
		3ABE15492CDDD2BB0017417F /* Preview Content */ = {
			isa = PBXGroup;
			children = (
				3ABB39362CDF197E00806D40 /* Appointment management */,
				3ABE159F2CDE19790017417F /* Helth View */,
				3ABE15962CDE17DB0017417F /* SignUp&Login */,
				3ABE15852CDE0E7A0017417F /* Dash board */,
				3ABE154A2CDDD2BB0017417F /* Preview Assets.xcassets */,
			);
			path = "Preview Content";
			sourceTree = "<group>";
		};
		3ABE15532CDDD2BB0017417F /* E-care mobile appTests */ = {
			isa = PBXGroup;
			children = (
				3ABE15542CDDD2BB0017417F /* E_care_mobile_appTests.swift */,
			);
			path = "E-care mobile appTests";
			sourceTree = "<group>";
		};
		3ABE155D2CDDD2BB0017417F /* E-care mobile appUITests */ = {
			isa = PBXGroup;
			children = (
				3ABE155E2CDDD2BB0017417F /* E_care_mobile_appUITests.swift */,
				3ABE15602CDDD2BB0017417F /* E_care_mobile_appUITestsLaunchTests.swift */,
			);
			path = "E-care mobile appUITests";
			sourceTree = "<group>";
		};
		3ABE15852CDE0E7A0017417F /* Dash board */ = {
			isa = PBXGroup;
			children = (
				3ABE15832CDE0DF40017417F /* DashboardView.swift */,
				3ABE15862CDE0EAA0017417F /* DateButton.swift */,
				3ABE15882CDE0EFA0017417F /* AppointmentCard.swift */,
			);
			path = "Dash board";
			sourceTree = "<group>";
		};
		3ABE15962CDE17DB0017417F /* SignUp&Login */ = {
			isa = PBXGroup;
			children = (
				3ABE15992CDE18520017417F /* SignUpView.swift */,
				3ABE159B2CDE18CF0017417F /* LoginView.swift */,
				3ABE159D2CDE19250017417F /* PasswordRest.swift */,
			);
			path = "SignUp&Login";
			sourceTree = "<group>";
		};
		3ABE159F2CDE19790017417F /* Helth View */ = {
			isa = PBXGroup;
			children = (
				3ABE15A02CDE19950017417F /* ActivityCard.swift */,
			);
			path = "Helth View";
			sourceTree = "<group>";
		};
/* End PBXGroup section */

/* Begin PBXNativeTarget section */
		3ABE153F2CDDD2BA0017417F /* E-care mobile app */ = {
			isa = PBXNativeTarget;
			buildConfigurationList = 3ABE15642CDDD2BB0017417F /* Build configuration list for PBXNativeTarget "E-care mobile app" */;
			buildPhases = (
				3ABE153C2CDDD2BA0017417F /* Sources */,
				3ABE153D2CDDD2BA0017417F /* Frameworks */,
				3ABE153E2CDDD2BA0017417F /* Resources */,
			);
			buildRules = (
			);
			dependencies = (
			);
			name = "E-care mobile app";
			packageProductDependencies = (
				3ABB393A2CDF24E700806D40 /* FirebaseAuth */,
				3ABB393C2CDF24E700806D40 /* FirebaseFirestoreCombine-Community */,
			);
			productName = "E-care mobile app";
			productReference = 3ABE15402CDDD2BA0017417F /* E-care mobile app.app */;
			productType = "com.apple.product-type.application";
		};
		3ABE154F2CDDD2BB0017417F /* E-care mobile appTests */ = {
			isa = PBXNativeTarget;
			buildConfigurationList = 3ABE15672CDDD2BB0017417F /* Build configuration list for PBXNativeTarget "E-care mobile appTests" */;
			buildPhases = (
				3ABE154C2CDDD2BB0017417F /* Sources */,
				3ABE154D2CDDD2BB0017417F /* Frameworks */,
				3ABE154E2CDDD2BB0017417F /* Resources */,
			);
			buildRules = (
			);
			dependencies = (
				3ABE15522CDDD2BB0017417F /* PBXTargetDependency */,
			);
			name = "E-care mobile appTests";
			productName = "E-care mobile appTests";
			productReference = 3ABE15502CDDD2BB0017417F /* E-care mobile appTests.xctest */;
			productType = "com.apple.product-type.bundle.unit-test";
		};
		3ABE15592CDDD2BB0017417F /* E-care mobile appUITests */ = {
			isa = PBXNativeTarget;
			buildConfigurationList = 3ABE156A2CDDD2BB0017417F /* Build configuration list for PBXNativeTarget "E-care mobile appUITests" */;
			buildPhases = (
				3ABE15562CDDD2BB0017417F /* Sources */,
				3ABE15572CDDD2BB0017417F /* Frameworks */,
				3ABE15582CDDD2BB0017417F /* Resources */,
			);
			buildRules = (
			);
			dependencies = (
				3ABE155C2CDDD2BB0017417F /* PBXTargetDependency */,
			);
			name = "E-care mobile appUITests";
			productName = "E-care mobile appUITests";
			productReference = 3ABE155A2CDDD2BB0017417F /* E-care mobile appUITests.xctest */;
			productType = "com.apple.product-type.bundle.ui-testing";
		};
/* End PBXNativeTarget section */

/* Begin PBXProject section */
		3ABE15382CDDD2BA0017417F /* Project object */ = {
			isa = PBXProject;
			attributes = {
				BuildIndependentTargetsInParallel = 1;
				LastSwiftUpdateCheck = 1540;
				LastUpgradeCheck = 1540;
				TargetAttributes = {
					3ABE153F2CDDD2BA0017417F = {
						CreatedOnToolsVersion = 15.4;
					};
					3ABE154F2CDDD2BB0017417F = {
						CreatedOnToolsVersion = 15.4;
						TestTargetID = 3ABE153F2CDDD2BA0017417F;
					};
					3ABE15592CDDD2BB0017417F = {
						CreatedOnToolsVersion = 15.4;
						TestTargetID = 3ABE153F2CDDD2BA0017417F;
					};
				};
			};
			buildConfigurationList = 3ABE153B2CDDD2BA0017417F /* Build configuration list for PBXProject "E-care mobile app" */;
			compatibilityVersion = "Xcode 14.0";
			developmentRegion = en;
			hasScannedForEncodings = 0;
			knownRegions = (
				en,
				Base,
			);
			mainGroup = 3ABE15372CDDD2BA0017417F;
			packageReferences = (
				3ABB39392CDF24E700806D40 /* XCRemoteSwiftPackageReference "firebase-ios-sdk" */,
			);
			productRefGroup = 3ABE15412CDDD2BA0017417F /* Products */;
			projectDirPath = "";
			projectRoot = "";
			targets = (
				3ABE153F2CDDD2BA0017417F /* E-care mobile app */,
				3ABE154F2CDDD2BB0017417F /* E-care mobile appTests */,
				3ABE15592CDDD2BB0017417F /* E-care mobile appUITests */,
			);
		};
/* End PBXProject section */

/* Begin PBXResourcesBuildPhase section */
		3ABE153E2CDDD2BA0017417F /* Resources */ = {
			isa = PBXResourcesBuildPhase;
			buildActionMask = 2147483647;
			files = (
				3ABE154B2CDDD2BB0017417F /* Preview Assets.xcassets in Resources */,
				3ABB393F2CDF256F00806D40 /* GoogleService-Info.plist in Resources */,
				3ABE15482CDDD2BB0017417F /* Assets.xcassets in Resources */,
			);
			runOnlyForDeploymentPostprocessing = 0;
		};
		3ABE154E2CDDD2BB0017417F /* Resources */ = {
			isa = PBXResourcesBuildPhase;
			buildActionMask = 2147483647;
			files = (
			);
			runOnlyForDeploymentPostprocessing = 0;
		};
		3ABE15582CDDD2BB0017417F /* Resources */ = {
			isa = PBXResourcesBuildPhase;
			buildActionMask = 2147483647;
			files = (
			);
			runOnlyForDeploymentPostprocessing = 0;
		};
/* End PBXResourcesBuildPhase section */

/* Begin PBXSourcesBuildPhase section */
		3ABE153C2CDDD2BA0017417F /* Sources */ = {
			isa = PBXSourcesBuildPhase;
			buildActionMask = 2147483647;
			files = (
				3ABB39462CDF62C300806D40 /* SelectDateView.swift in Sources */,
				3ABE158F2CDE13950017417F /* AddAppointmentView.swift in Sources */,
				3ABB39382CDF19B700806D40 /* SelectADoctor.swift in Sources */,
				3ABE15462CDDD2BA0017417F /* ContentView.swift in Sources */,
				3ABE158B2CDE133E0017417F /* MainView.swift in Sources */,
				3ABE15A12CDE19950017417F /* ActivityCard.swift in Sources */,
				3ABE15892CDE0EFA0017417F /* AppointmentCard.swift in Sources */,
				3ABB39432CDF5FE800806D40 /* AddAppointment.swift in Sources */,
				3ABE15822CDE0C600017417F /* WelcomeView.swift in Sources */,
				3ABE15842CDE0DF40017417F /* DashboardView.swift in Sources */,
				3ABE15952CDE13DC0017417F /* ProfileView.swift in Sources */,
				3ABE15752CDDF1D40017417F /* HomeView.swift in Sources */,
				3ABE15442CDDD2BA0017417F /* E_care_mobile_appApp.swift in Sources */,
				3ABB39352CDF138400806D40 /* HealthDashboardView.swift in Sources */,
				3ABB39412CDF48D900806D40 /* AppDelegate.swift in Sources */,
				3ABE15912CDE13B40017417F /* NotificationsView.swift in Sources */,
				3ABB39482CDF637E00806D40 /* AppointmentConfirmationView.swift in Sources */,
				3ABE159E2CDE19250017417F /* PasswordRest.swift in Sources */,
				3ABE15872CDE0EAA0017417F /* DateButton.swift in Sources */,
				3ABE159C2CDE18CF0017417F /* LoginView.swift in Sources */,
				3ABE159A2CDE18520017417F /* SignUpView.swift in Sources */,
			);
			runOnlyForDeploymentPostprocessing = 0;
		};
		3ABE154C2CDDD2BB0017417F /* Sources */ = {
			isa = PBXSourcesBuildPhase;
			buildActionMask = 2147483647;
			files = (
				3ABE15552CDDD2BB0017417F /* E_care_mobile_appTests.swift in Sources */,
			);
			runOnlyForDeploymentPostprocessing = 0;
		};
		3ABE15562CDDD2BB0017417F /* Sources */ = {
			isa = PBXSourcesBuildPhase;
			buildActionMask = 2147483647;
			files = (
				3ABE155F2CDDD2BB0017417F /* E_care_mobile_appUITests.swift in Sources */,
				3ABE15612CDDD2BB0017417F /* E_care_mobile_appUITestsLaunchTests.swift in Sources */,
			);
			runOnlyForDeploymentPostprocessing = 0;
		};
/* End PBXSourcesBuildPhase section */

/* Begin PBXTargetDependency section */
		3ABE15522CDDD2BB0017417F /* PBXTargetDependency */ = {
			isa = PBXTargetDependency;
			target = 3ABE153F2CDDD2BA0017417F /* E-care mobile app */;
			targetProxy = 3ABE15512CDDD2BB0017417F /* PBXContainerItemProxy */;
		};
		3ABE155C2CDDD2BB0017417F /* PBXTargetDependency */ = {
			isa = PBXTargetDependency;
			target = 3ABE153F2CDDD2BA0017417F /* E-care mobile app */;
			targetProxy = 3ABE155B2CDDD2BB0017417F /* PBXContainerItemProxy */;
		};
/* End PBXTargetDependency section */

/* Begin XCBuildConfiguration section */
		3ABE15622CDDD2BB0017417F /* Debug */ = {
			isa = XCBuildConfiguration;
			buildSettings = {
				ALWAYS_SEARCH_USER_PATHS = NO;
				ASSETCATALOG_COMPILER_GENERATE_SWIFT_ASSET_SYMBOL_EXTENSIONS = YES;
				CLANG_ANALYZER_NONNULL = YES;
				CLANG_ANALYZER_NUMBER_OBJECT_CONVERSION = YES_AGGRESSIVE;
				CLANG_CXX_LANGUAGE_STANDARD = "gnu++20";
				CLANG_ENABLE_MODULES = YES;
				CLANG_ENABLE_OBJC_ARC = YES;
				CLANG_ENABLE_OBJC_WEAK = YES;
				CLANG_WARN_BLOCK_CAPTURE_AUTORELEASING = YES;
				CLANG_WARN_BOOL_CONVERSION = YES;
				CLANG_WARN_COMMA = YES;
				CLANG_WARN_CONSTANT_CONVERSION = YES;
				CLANG_WARN_DEPRECATED_OBJC_IMPLEMENTATIONS = YES;
				CLANG_WARN_DIRECT_OBJC_ISA_USAGE = YES_ERROR;
				CLANG_WARN_DOCUMENTATION_COMMENTS = YES;
				CLANG_WARN_EMPTY_BODY = YES;
				CLANG_WARN_ENUM_CONVERSION = YES;
				CLANG_WARN_INFINITE_RECURSION = YES;
				CLANG_WARN_INT_CONVERSION = YES;
				CLANG_WARN_NON_LITERAL_NULL_CONVERSION = YES;
				CLANG_WARN_OBJC_IMPLICIT_RETAIN_SELF = YES;
				CLANG_WARN_OBJC_LITERAL_CONVERSION = YES;
				CLANG_WARN_OBJC_ROOT_CLASS = YES_ERROR;
				CLANG_WARN_QUOTED_INCLUDE_IN_FRAMEWORK_HEADER = YES;
				CLANG_WARN_RANGE_LOOP_ANALYSIS = YES;
				CLANG_WARN_STRICT_PROTOTYPES = YES;
				CLANG_WARN_SUSPICIOUS_MOVE = YES;
				CLANG_WARN_UNGUARDED_AVAILABILITY = YES_AGGRESSIVE;
				CLANG_WARN_UNREACHABLE_CODE = YES;
				CLANG_WARN__DUPLICATE_METHOD_MATCH = YES;
				COPY_PHASE_STRIP = NO;
				DEBUG_INFORMATION_FORMAT = dwarf;
				ENABLE_STRICT_OBJC_MSGSEND = YES;
				ENABLE_TESTABILITY = YES;
				ENABLE_USER_SCRIPT_SANDBOXING = YES;
				GCC_C_LANGUAGE_STANDARD = gnu17;
				GCC_DYNAMIC_NO_PIC = NO;
				GCC_NO_COMMON_BLOCKS = YES;
				GCC_OPTIMIZATION_LEVEL = 0;
				GCC_PREPROCESSOR_DEFINITIONS = (
					"DEBUG=1",
					"$(inherited)",
				);
				GCC_WARN_64_TO_32_BIT_CONVERSION = YES;
				GCC_WARN_ABOUT_RETURN_TYPE = YES_ERROR;
				GCC_WARN_UNDECLARED_SELECTOR = YES;
				GCC_WARN_UNINITIALIZED_AUTOS = YES_AGGRESSIVE;
				GCC_WARN_UNUSED_FUNCTION = YES;
				GCC_WARN_UNUSED_VARIABLE = YES;
				IPHONEOS_DEPLOYMENT_TARGET = 17.5;
				LOCALIZATION_PREFERS_STRING_CATALOGS = YES;
				MTL_ENABLE_DEBUG_INFO = INCLUDE_SOURCE;
				MTL_FAST_MATH = YES;
				ONLY_ACTIVE_ARCH = YES;
				SDKROOT = iphoneos;
				SWIFT_ACTIVE_COMPILATION_CONDITIONS = "DEBUG $(inherited)";
				SWIFT_OPTIMIZATION_LEVEL = "-Onone";
			};
			name = Debug;
		};
		3ABE15632CDDD2BB0017417F /* Release */ = {
			isa = XCBuildConfiguration;
			buildSettings = {
				ALWAYS_SEARCH_USER_PATHS = NO;
				ASSETCATALOG_COMPILER_GENERATE_SWIFT_ASSET_SYMBOL_EXTENSIONS = YES;
				CLANG_ANALYZER_NONNULL = YES;
				CLANG_ANALYZER_NUMBER_OBJECT_CONVERSION = YES_AGGRESSIVE;
				CLANG_CXX_LANGUAGE_STANDARD = "gnu++20";
				CLANG_ENABLE_MODULES = YES;
				CLANG_ENABLE_OBJC_ARC = YES;
				CLANG_ENABLE_OBJC_WEAK = YES;
				CLANG_WARN_BLOCK_CAPTURE_AUTORELEASING = YES;
				CLANG_WARN_BOOL_CONVERSION = YES;
				CLANG_WARN_COMMA = YES;
				CLANG_WARN_CONSTANT_CONVERSION = YES;
				CLANG_WARN_DEPRECATED_OBJC_IMPLEMENTATIONS = YES;
				CLANG_WARN_DIRECT_OBJC_ISA_USAGE = YES_ERROR;
				CLANG_WARN_DOCUMENTATION_COMMENTS = YES;
				CLANG_WARN_EMPTY_BODY = YES;
				CLANG_WARN_ENUM_CONVERSION = YES;
				CLANG_WARN_INFINITE_RECURSION = YES;
				CLANG_WARN_INT_CONVERSION = YES;
				CLANG_WARN_NON_LITERAL_NULL_CONVERSION = YES;
				CLANG_WARN_OBJC_IMPLICIT_RETAIN_SELF = YES;
				CLANG_WARN_OBJC_LITERAL_CONVERSION = YES;
				CLANG_WARN_OBJC_ROOT_CLASS = YES_ERROR;
				CLANG_WARN_QUOTED_INCLUDE_IN_FRAMEWORK_HEADER = YES;
				CLANG_WARN_RANGE_LOOP_ANALYSIS = YES;
				CLANG_WARN_STRICT_PROTOTYPES = YES;
				CLANG_WARN_SUSPICIOUS_MOVE = YES;
				CLANG_WARN_UNGUARDED_AVAILABILITY = YES_AGGRESSIVE;
				CLANG_WARN_UNREACHABLE_CODE = YES;
				CLANG_WARN__DUPLICATE_METHOD_MATCH = YES;
				COPY_PHASE_STRIP = NO;
				DEBUG_INFORMATION_FORMAT = "dwarf-with-dsym";
				ENABLE_NS_ASSERTIONS = NO;
				ENABLE_STRICT_OBJC_MSGSEND = YES;
				ENABLE_USER_SCRIPT_SANDBOXING = YES;
				GCC_C_LANGUAGE_STANDARD = gnu17;
				GCC_NO_COMMON_BLOCKS = YES;
				GCC_WARN_64_TO_32_BIT_CONVERSION = YES;
				GCC_WARN_ABOUT_RETURN_TYPE = YES_ERROR;
				GCC_WARN_UNDECLARED_SELECTOR = YES;
				GCC_WARN_UNINITIALIZED_AUTOS = YES_AGGRESSIVE;
				GCC_WARN_UNUSED_FUNCTION = YES;
				GCC_WARN_UNUSED_VARIABLE = YES;
				IPHONEOS_DEPLOYMENT_TARGET = 17.5;
				LOCALIZATION_PREFERS_STRING_CATALOGS = YES;
				MTL_ENABLE_DEBUG_INFO = NO;
				MTL_FAST_MATH = YES;
				SDKROOT = iphoneos;
				SWIFT_COMPILATION_MODE = wholemodule;
				VALIDATE_PRODUCT = YES;
			};
			name = Release;
		};
		3ABE15652CDDD2BB0017417F /* Debug */ = {
			isa = XCBuildConfiguration;
			buildSettings = {
				ASSETCATALOG_COMPILER_APPICON_NAME = AppIcon;
				ASSETCATALOG_COMPILER_GLOBAL_ACCENT_COLOR_NAME = AccentColor;
				CODE_SIGN_STYLE = Automatic;
				CURRENT_PROJECT_VERSION = 1;
				DEVELOPMENT_ASSET_PATHS = "\"E-care mobile app/Preview Content\"";
				ENABLE_PREVIEWS = YES;
				GENERATE_INFOPLIST_FILE = YES;
				INFOPLIST_KEY_UIApplicationSceneManifest_Generation = YES;
				INFOPLIST_KEY_UIApplicationSupportsIndirectInputEvents = YES;
				INFOPLIST_KEY_UILaunchScreen_Generation = YES;
				INFOPLIST_KEY_UISupportedInterfaceOrientations_iPad = "UIInterfaceOrientationPortrait UIInterfaceOrientationPortraitUpsideDown UIInterfaceOrientationLandscapeLeft UIInterfaceOrientationLandscapeRight";
				INFOPLIST_KEY_UISupportedInterfaceOrientations_iPhone = "UIInterfaceOrientationPortrait UIInterfaceOrientationLandscapeLeft UIInterfaceOrientationLandscapeRight";
				LD_RUNPATH_SEARCH_PATHS = (
					"$(inherited)",
					"@executable_path/Frameworks",
				);
				MARKETING_VERSION = 1.0;
				PRODUCT_BUNDLE_IDENTIFIER = "hansi.E-care-mobile-app";
				PRODUCT_NAME = "$(TARGET_NAME)";
				SWIFT_EMIT_LOC_STRINGS = YES;
				SWIFT_VERSION = 5.0;
				TARGETED_DEVICE_FAMILY = "1,2";
			};
			name = Debug;
		};
		3ABE15662CDDD2BB0017417F /* Release */ = {
			isa = XCBuildConfiguration;
			buildSettings = {
				ASSETCATALOG_COMPILER_APPICON_NAME = AppIcon;
				ASSETCATALOG_COMPILER_GLOBAL_ACCENT_COLOR_NAME = AccentColor;
				CODE_SIGN_ENTITLEMENTS = "E-care mobile app/E-care mobile appRelease.entitlements";
				CODE_SIGN_STYLE = Automatic;
				CURRENT_PROJECT_VERSION = 1;
				DEVELOPMENT_ASSET_PATHS = "\"E-care mobile app/Preview Content\"";
				ENABLE_PREVIEWS = YES;
				GENERATE_INFOPLIST_FILE = YES;
				INFOPLIST_KEY_UIApplicationSceneManifest_Generation = YES;
				INFOPLIST_KEY_UIApplicationSupportsIndirectInputEvents = YES;
				INFOPLIST_KEY_UILaunchScreen_Generation = YES;
				INFOPLIST_KEY_UISupportedInterfaceOrientations_iPad = "UIInterfaceOrientationPortrait UIInterfaceOrientationPortraitUpsideDown UIInterfaceOrientationLandscapeLeft UIInterfaceOrientationLandscapeRight";
				INFOPLIST_KEY_UISupportedInterfaceOrientations_iPhone = "UIInterfaceOrientationPortrait UIInterfaceOrientationLandscapeLeft UIInterfaceOrientationLandscapeRight";
				LD_RUNPATH_SEARCH_PATHS = (
					"$(inherited)",
					"@executable_path/Frameworks",
				);
				MARKETING_VERSION = 1.0;
				PRODUCT_BUNDLE_IDENTIFIER = "hansi.E-care-mobile-app";
				PRODUCT_NAME = "$(TARGET_NAME)";
				SWIFT_EMIT_LOC_STRINGS = YES;
				SWIFT_VERSION = 5.0;
				TARGETED_DEVICE_FAMILY = "1,2";
			};
			name = Release;
		};
		3ABE15682CDDD2BB0017417F /* Debug */ = {
			isa = XCBuildConfiguration;
			buildSettings = {
				ALWAYS_EMBED_SWIFT_STANDARD_LIBRARIES = YES;
				BUNDLE_LOADER = "$(TEST_HOST)";
				CODE_SIGN_STYLE = Automatic;
				CURRENT_PROJECT_VERSION = 1;
				GENERATE_INFOPLIST_FILE = YES;
				IPHONEOS_DEPLOYMENT_TARGET = 17.5;
				MARKETING_VERSION = 1.0;
				PRODUCT_BUNDLE_IDENTIFIER = "hansi.E-care-mobile-appTests";
				PRODUCT_NAME = "$(TARGET_NAME)";
				SWIFT_EMIT_LOC_STRINGS = NO;
				SWIFT_VERSION = 5.0;
				TARGETED_DEVICE_FAMILY = "1,2";
				TEST_HOST = "$(BUILT_PRODUCTS_DIR)/E-care mobile app.app/$(BUNDLE_EXECUTABLE_FOLDER_PATH)/E-care mobile app";
			};
			name = Debug;
		};
		3ABE15692CDDD2BB0017417F /* Release */ = {
			isa = XCBuildConfiguration;
			buildSettings = {
				ALWAYS_EMBED_SWIFT_STANDARD_LIBRARIES = YES;
				BUNDLE_LOADER = "$(TEST_HOST)";
				CODE_SIGN_STYLE = Automatic;
				CURRENT_PROJECT_VERSION = 1;
				GENERATE_INFOPLIST_FILE = YES;
				IPHONEOS_DEPLOYMENT_TARGET = 17.5;
				MARKETING_VERSION = 1.0;
				PRODUCT_BUNDLE_IDENTIFIER = "hansi.E-care-mobile-appTests";
				PRODUCT_NAME = "$(TARGET_NAME)";
				SWIFT_EMIT_LOC_STRINGS = NO;
				SWIFT_VERSION = 5.0;
				TARGETED_DEVICE_FAMILY = "1,2";
				TEST_HOST = "$(BUILT_PRODUCTS_DIR)/E-care mobile app.app/$(BUNDLE_EXECUTABLE_FOLDER_PATH)/E-care mobile app";
			};
			name = Release;
		};
		3ABE156B2CDDD2BB0017417F /* Debug */ = {
			isa = XCBuildConfiguration;
			buildSettings = {
				ALWAYS_EMBED_SWIFT_STANDARD_LIBRARIES = YES;
				CODE_SIGN_STYLE = Automatic;
				CURRENT_PROJECT_VERSION = 1;
				GENERATE_INFOPLIST_FILE = YES;
				MARKETING_VERSION = 1.0;
				PRODUCT_BUNDLE_IDENTIFIER = "hansi.E-care-mobile-appUITests";
				PRODUCT_NAME = "$(TARGET_NAME)";
				SWIFT_EMIT_LOC_STRINGS = NO;
				SWIFT_VERSION = 5.0;
				TARGETED_DEVICE_FAMILY = "1,2";
				TEST_TARGET_NAME = "E-care mobile app";
			};
			name = Debug;
		};
		3ABE156C2CDDD2BB0017417F /* Release */ = {
			isa = XCBuildConfiguration;
			buildSettings = {
				ALWAYS_EMBED_SWIFT_STANDARD_LIBRARIES = YES;
				CODE_SIGN_STYLE = Automatic;
				CURRENT_PROJECT_VERSION = 1;
				GENERATE_INFOPLIST_FILE = YES;
				MARKETING_VERSION = 1.0;
				PRODUCT_BUNDLE_IDENTIFIER = "hansi.E-care-mobile-appUITests";
				PRODUCT_NAME = "$(TARGET_NAME)";
				SWIFT_EMIT_LOC_STRINGS = NO;
				SWIFT_VERSION = 5.0;
				TARGETED_DEVICE_FAMILY = "1,2";
				TEST_TARGET_NAME = "E-care mobile app";
			};
			name = Release;
		};
/* End XCBuildConfiguration section */

/* Begin XCConfigurationList section */
		3ABE153B2CDDD2BA0017417F /* Build configuration list for PBXProject "E-care mobile app" */ = {
			isa = XCConfigurationList;
			buildConfigurations = (
				3ABE15622CDDD2BB0017417F /* Debug */,
				3ABE15632CDDD2BB0017417F /* Release */,
			);
			defaultConfigurationIsVisible = 0;
			defaultConfigurationName = Release;
		};
		3ABE15642CDDD2BB0017417F /* Build configuration list for PBXNativeTarget "E-care mobile app" */ = {
			isa = XCConfigurationList;
			buildConfigurations = (
				3ABE15652CDDD2BB0017417F /* Debug */,
				3ABE15662CDDD2BB0017417F /* Release */,
			);
			defaultConfigurationIsVisible = 0;
			defaultConfigurationName = Release;
		};
		3ABE15672CDDD2BB0017417F /* Build configuration list for PBXNativeTarget "E-care mobile appTests" */ = {
			isa = XCConfigurationList;
			buildConfigurations = (
				3ABE15682CDDD2BB0017417F /* Debug */,
				3ABE15692CDDD2BB0017417F /* Release */,
			);
			defaultConfigurationIsVisible = 0;
			defaultConfigurationName = Release;
		};
		3ABE156A2CDDD2BB0017417F /* Build configuration list for PBXNativeTarget "E-care mobile appUITests" */ = {
			isa = XCConfigurationList;
			buildConfigurations = (
				3ABE156B2CDDD2BB0017417F /* Debug */,
				3ABE156C2CDDD2BB0017417F /* Release */,
			);
			defaultConfigurationIsVisible = 0;
			defaultConfigurationName = Release;
		};
/* End XCConfigurationList section */

/* Begin XCRemoteSwiftPackageReference section */
		3ABB39392CDF24E700806D40 /* XCRemoteSwiftPackageReference "firebase-ios-sdk" */ = {
			isa = XCRemoteSwiftPackageReference;
			repositoryURL = "https://github.com/firebase/firebase-ios-sdk";
			requirement = {
				kind = upToNextMajorVersion;
				minimumVersion = 11.4.0;
			};
		};
/* End XCRemoteSwiftPackageReference section */

/* Begin XCSwiftPackageProductDependency section */
		3ABB393A2CDF24E700806D40 /* FirebaseAuth */ = {
			isa = XCSwiftPackageProductDependency;
			package = 3ABB39392CDF24E700806D40 /* XCRemoteSwiftPackageReference "firebase-ios-sdk" */;
			productName = FirebaseAuth;
		};
		3ABB393C2CDF24E700806D40 /* FirebaseFirestoreCombine-Community */ = {
			isa = XCSwiftPackageProductDependency;
			package = 3ABB39392CDF24E700806D40 /* XCRemoteSwiftPackageReference "firebase-ios-sdk" */;
			productName = "FirebaseFirestoreCombine-Community";
		};
/* End XCSwiftPackageProductDependency section */
	};
	rootObject = 3ABE15382CDDD2BA0017417F /* Project object */;
}
